
Microsoft Visual Studio Solution File, Format Version 12.00
# Visual Studio 2013
VisualStudioVersion = 12.0.21005.1
MinimumVisualStudioVersion = 10.0.40219.1
Project("{FAE04EC0-301F-11D3-BF4B-00C04F79EFBC}") = "TestApp", "TestApp\TestApp.csproj", "{D1F3FC65-347B-4A9C-A61C-5627462E5620}"
EndProject
Project("{FAE04EC0-301F-11D3-BF4B-00C04F79EFBC}") = "Jebtek.RdRand", "Jebtek.RdRand\Jebtek.RdRand.csproj", "{106A61CE-21FE-41F4-BA4C-ECE2413D6AA2}"
EndProject
Project("{8BC9CEB8-8B4A-11D0-8D11-00A0C91BC942}") = "Jebtek.RdRandLib", "Jebtek.RdRandLib\Jebtek.RdRandLib.vcxproj", "{8BBAF091-3464-4678-97EC-7ADD6B749B6E}"
EndProject
Global
	GlobalSection(SolutionConfigurationPlatforms) = preSolution
		Debug|Any CPU = Debug|Any CPU
		Debug|Mixed Platforms = Debug|Mixed Platforms
		Debug|Win32 = Debug|Win32
		Debug|x64 = Debug|x64
		Release|Any CPU = Release|Any CPU
		Release|Mixed Platforms = Release|Mixed Platforms
		Release|Win32 = Release|Win32
		Release|x64 = Release|x64
	EndGlobalSection
	GlobalSection(ProjectConfigurationPlatforms) = postSolution
		{D1F3FC65-347B-4A9C-A61C-5627462E5620}.Debug|Any CPU.ActiveCfg = Debug|Any CPU
		{D1F3FC65-347B-4A9C-A61C-5627462E5620}.Debug|Any CPU.Build.0 = Debug|Any CPU
		{D1F3FC65-347B-4A9C-A61C-5627462E5620}.Debug|Mixed Platforms.ActiveCfg = Debug|x64
		{D1F3FC65-347B-4A9C-A61C-5627462E5620}.Debug|Mixed Platforms.Build.0 = Debug|x64
		{D1F3FC65-347B-4A9C-A61C-5627462E5620}.Debug|Win32.ActiveCfg = Debug|Any CPU
		{D1F3FC65-347B-4A9C-A61C-5627462E5620}.Debug|x64.ActiveCfg = Debug|x64
		{D1F3FC65-347B-4A9C-A61C-5627462E5620}.Release|Any CPU.ActiveCfg = Release|Any CPU
		{D1F3FC65-347B-4A9C-A61C-5627462E5620}.Release|Any CPU.Build.0 = Release|Any CPU
		{D1F3FC65-347B-4A9C-A61C-5627462E5620}.Release|Mixed Platforms.ActiveCfg = Release|x64
		{D1F3FC65-347B-4A9C-A61C-5627462E5620}.Release|Mixed Platforms.Build.0 = Release|x64
		{D1F3FC65-347B-4A9C-A61C-5627462E5620}.Release|Win32.ActiveCfg = Release|Any CPU
		{D1F3FC65-347B-4A9C-A61C-5627462E5620}.Release|x64.ActiveCfg = Release|x64
		{D1F3FC65-347B-4A9C-A61C-5627462E5620}.Release|x64.Build.0 = Release|x64
		{106A61CE-21FE-41F4-BA4C-ECE2413D6AA2}.Debug|Any CPU.ActiveCfg = Debug|Any CPU
		{106A61CE-21FE-41F4-BA4C-ECE2413D6AA2}.Debug|Any CPU.Build.0 = Debug|Any CPU
		{106A61CE-21FE-41F4-BA4C-ECE2413D6AA2}.Debug|Mixed Platforms.ActiveCfg = Debug|Any CPU
		{106A61CE-21FE-41F4-BA4C-ECE2413D6AA2}.Debug|Mixed Platforms.Build.0 = Debug|Any CPU
		{106A61CE-21FE-41F4-BA4C-ECE2413D6AA2}.Debug|Win32.ActiveCfg = Debug|Any CPU
		{106A61CE-21FE-41F4-BA4C-ECE2413D6AA2}.Debug|x64.ActiveCfg = Debug|x64
		{106A61CE-21FE-41F4-BA4C-ECE2413D6AA2}.Release|Any CPU.ActiveCfg = Release|Any CPU
		{106A61CE-21FE-41F4-BA4C-ECE2413D6AA2}.Release|Any CPU.Build.0 = Release|Any CPU
		{106A61CE-21FE-41F4-BA4C-ECE2413D6AA2}.Release|Mixed Platforms.ActiveCfg = Release|Any CPU
		{106A61CE-21FE-41F4-BA4C-ECE2413D6AA2}.Release|Mixed Platforms.Build.0 = Release|Any CPU
		{106A61CE-21FE-41F4-BA4C-ECE2413D6AA2}.Release|Win32.ActiveCfg = Release|Any CPU
		{106A61CE-21FE-41F4-BA4C-ECE2413D6AA2}.Release|x64.ActiveCfg = Release|x64
		{106A61CE-21FE-41F4-BA4C-ECE2413D6AA2}.Release|x64.Build.0 = Release|x64
		{8BBAF091-3464-4678-97EC-7ADD6B749B6E}.Debug|Any CPU.ActiveCfg = Debug|Win32
		{8BBAF091-3464-4678-97EC-7ADD6B749B6E}.Debug|Mixed Platforms.ActiveCfg = Debug|Win32
		{8BBAF091-3464-4678-97EC-7ADD6B749B6E}.Debug|Mixed Platforms.Build.0 = Debug|Win32
		{8BBAF091-3464-4678-97EC-7ADD6B749B6E}.Debug|Win32.ActiveCfg = Debug|Win32
		{8BBAF091-3464-4678-97EC-7ADD6B749B6E}.Debug|Win32.Build.0 = Debug|Win32
		{8BBAF091-3464-4678-97EC-7ADD6B749B6E}.Debug|x64.ActiveCfg = Debug|x64
		{8BBAF091-3464-4678-97EC-7ADD6B749B6E}.Debug|x64.Build.0 = Debug|x64
		{8BBAF091-3464-4678-97EC-7ADD6B749B6E}.Release|Any CPU.ActiveCfg = Release|Win32
		{8BBAF091-3464-4678-97EC-7ADD6B749B6E}.Release|Mixed Platforms.ActiveCfg = Release|Win32
		{8BBAF091-3464-4678-97EC-7ADD6B749B6E}.Release|Mixed Platforms.Build.0 = Release|Win32
		{8BBAF091-3464-4678-97EC-7ADD6B749B6E}.Release|Win32.ActiveCfg = Release|Win32
		{8BBAF091-3464-4678-97EC-7ADD6B749B6E}.Release|Win32.Build.0 = Release|Win32
		{8BBAF091-3464-4678-97EC-7ADD6B749B6E}.Release|x64.ActiveCfg = Release|x64
		{8BBAF091-3464-4678-97EC-7ADD6B749B6E}.Release|x64.Build.0 = Release|x64
	EndGlobalSection
	GlobalSection(SolutionProperties) = preSolution
		HideSolutionNode = FALSE
	EndGlobalSection
EndGlobal
